{
  "version": 4,
  "terraform_version": "1.9.3",
  "serial": 1,
  "lineage": "b047aad7-7858-bc20-ea8f-abd870fb5861",
  "outputs": {},
  "resources": [
    {
      "mode": "managed",
      "type": "spotify_playlist",
      "name": "Bollywood",
      "provider": "provider[\"registry.terraform.io/conradludgate/spotify\"]",
      "instances": [
        {
          "schema_version": 0,
          "attributes": {
            "description": null,
            "id": "2W2K91RWaPjDVsOfXoTtui",
            "name": "Bollywood",
            "public": true,
            "snapshot_id": "AAAAAlVCLAy1AdVwURZEEw7V5BXB7KRl",
            "tracks": [
              "5zCnGtCl5Ac5zlFHXaZmhy"
            ]
          },
          "sensitive_attributes": [],
          "private": "bnVsbA=="
        }
      ]
    }
  ],
  "check_results": null
}
